
Microsoft Visual Studio Solution File, Format Version 12.00
# Visual Studio Version 17
VisualStudioVersion = 17.4.33103.184
MinimumVisualStudioVersion = 10.0.40219.1
Project("{FAE04EC0-301F-11D3-BF4B-00C04F79EFBC}") = "Povinna_cetba", "Povinna_cetba\Povinna_cetba.csproj", "{8A233B64-1029-4B2B-B722-964081D829C1}"
EndProject
Global
	GlobalSection(SolutionConfigurationPlatforms) = preSolution
		Debug|Any CPU = Debug|Any CPU
		Release|Any CPU = Release|Any CPU
	EndGlobalSection
	GlobalSection(ProjectConfigurationPlatforms) = postSolution
		{8A233B64-1029-4B2B-B722-964081D829C1}.Debug|Any CPU.ActiveCfg = Debug|Any CPU
		{8A233B64-1029-4B2B-B722-964081D829C1}.Debug|Any CPU.Build.0 = Debug|Any CPU
		{8A233B64-1029-4B2B-B722-964081D829C1}.Release|Any CPU.ActiveCfg = Release|Any CPU
		{8A233B64-1029-4B2B-B722-964081D829C1}.Release|Any CPU.Build.0 = Release|Any CPU
	EndGlobalSection
	GlobalSection(SolutionProperties) = preSolution
		HideSolutionNode = FALSE
	EndGlobalSection
	GlobalSection(ExtensibilityGlobals) = postSolution
		SolutionGuid = {F7747D63-5799-4B29-A472-6175CF8DC0F3}
	EndGlobalSection
EndGlobal
